
Microsoft Visual Studio Solution File, Format Version 12.00
# Visual Studio 15
VisualStudioVersion = 15.0.26730.15
MinimumVisualStudioVersion = 10.0.40219.1
Project("{FAE04EC0-301F-11D3-BF4B-00C04F79EFBC}") = "WoWAddonStudio", "WoWAddonStudio\WoWAddonStudio.csproj", "{751A2945-A60B-413F-BD69-34CD8E672068}"
EndProject
Global
	GlobalSection(SolutionConfigurationPlatforms) = preSolution
		Debug|Any CPU = Debug|Any CPU
		Release|Any CPU = Release|Any CPU
	EndGlobalSection
	GlobalSection(ProjectConfigurationPlatforms) = postSolution
		{751A2945-A60B-413F-BD69-34CD8E672068}.Debug|Any CPU.ActiveCfg = Debug|Any CPU
		{751A2945-A60B-413F-BD69-34CD8E672068}.Debug|Any CPU.Build.0 = Debug|Any CPU
		{751A2945-A60B-413F-BD69-34CD8E672068}.Release|Any CPU.ActiveCfg = Release|Any CPU
		{751A2945-A60B-413F-BD69-34CD8E672068}.Release|Any CPU.Build.0 = Release|Any CPU
	EndGlobalSection
	GlobalSection(SolutionProperties) = preSolution
		HideSolutionNode = FALSE
	EndGlobalSection
	GlobalSection(ExtensibilityGlobals) = postSolution
		SolutionGuid = {21A1F0B5-413C-4FFE-B91E-4A0F90CA7D32}
	EndGlobalSection
EndGlobal
